
Microsoft Visual Studio Solution File, Format Version 12.00
# Visual Studio 15
VisualStudioVersion = 15.0.26124.0
MinimumVisualStudioVersion = 15.0.26124.0
Project("{9A19103F-16F7-4668-BE54-9A1E7A4F7556}") = "SingleResponsibility", "SingleResponsibility\SingleResponsibility.csproj", "{9FA18D44-D5A4-4F5B-AF32-14FDEEEB89D4}"
EndProject
Project("{9A19103F-16F7-4668-BE54-9A1E7A4F7556}") = "OpenClosed", "OpenClosed\OpenClosed.csproj", "{CCF6CC34-A1B4-487E-80B3-9C72E519BA76}"
EndProject
Project("{9A19103F-16F7-4668-BE54-9A1E7A4F7556}") = "LiskovSubstitution", "LiskovSubstitution\LiskovSubstitution.csproj", "{0BFBF880-F1FD-46DE-8AC1-AF5E1E8E4A62}"
EndProject
Project("{2150E333-8FDC-42A3-9474-1A3956D46DE8}") = "1_S", "1_S", "{D1C0DA0A-76FC-405A-9DE8-79DFE6CB2B30}"
EndProject
Project("{2150E333-8FDC-42A3-9474-1A3956D46DE8}") = "2_O", "2_O", "{BB297B60-D5E9-4578-8DC3-71A916B62058}"
EndProject
Project("{2150E333-8FDC-42A3-9474-1A3956D46DE8}") = "3_L", "3_L", "{BB0337D0-0213-4058-8CCC-DBCCD47CAA64}"
EndProject
Project("{9A19103F-16F7-4668-BE54-9A1E7A4F7556}") = "ConsoleUI", "ConsoleUI\ConsoleUI.csproj", "{8C3DEEA9-CCC5-42F1-947F-B8DE2684C8DE}"
EndProject
Global
	GlobalSection(SolutionConfigurationPlatforms) = preSolution
		Debug|Any CPU = Debug|Any CPU
		Debug|x64 = Debug|x64
		Debug|x86 = Debug|x86
		Release|Any CPU = Release|Any CPU
		Release|x64 = Release|x64
		Release|x86 = Release|x86
	EndGlobalSection
	GlobalSection(ProjectConfigurationPlatforms) = postSolution
		{9FA18D44-D5A4-4F5B-AF32-14FDEEEB89D4}.Debug|Any CPU.ActiveCfg = Debug|Any CPU
		{9FA18D44-D5A4-4F5B-AF32-14FDEEEB89D4}.Debug|Any CPU.Build.0 = Debug|Any CPU
		{9FA18D44-D5A4-4F5B-AF32-14FDEEEB89D4}.Debug|x64.ActiveCfg = Debug|Any CPU
		{9FA18D44-D5A4-4F5B-AF32-14FDEEEB89D4}.Debug|x64.Build.0 = Debug|Any CPU
		{9FA18D44-D5A4-4F5B-AF32-14FDEEEB89D4}.Debug|x86.ActiveCfg = Debug|Any CPU
		{9FA18D44-D5A4-4F5B-AF32-14FDEEEB89D4}.Debug|x86.Build.0 = Debug|Any CPU
		{9FA18D44-D5A4-4F5B-AF32-14FDEEEB89D4}.Release|Any CPU.ActiveCfg = Release|Any CPU
		{9FA18D44-D5A4-4F5B-AF32-14FDEEEB89D4}.Release|Any CPU.Build.0 = Release|Any CPU
		{9FA18D44-D5A4-4F5B-AF32-14FDEEEB89D4}.Release|x64.ActiveCfg = Release|Any CPU
		{9FA18D44-D5A4-4F5B-AF32-14FDEEEB89D4}.Release|x64.Build.0 = Release|Any CPU
		{9FA18D44-D5A4-4F5B-AF32-14FDEEEB89D4}.Release|x86.ActiveCfg = Release|Any CPU
		{9FA18D44-D5A4-4F5B-AF32-14FDEEEB89D4}.Release|x86.Build.0 = Release|Any CPU
		{CCF6CC34-A1B4-487E-80B3-9C72E519BA76}.Debug|Any CPU.ActiveCfg = Debug|Any CPU
		{CCF6CC34-A1B4-487E-80B3-9C72E519BA76}.Debug|Any CPU.Build.0 = Debug|Any CPU
		{CCF6CC34-A1B4-487E-80B3-9C72E519BA76}.Debug|x64.ActiveCfg = Debug|Any CPU
		{CCF6CC34-A1B4-487E-80B3-9C72E519BA76}.Debug|x64.Build.0 = Debug|Any CPU
		{CCF6CC34-A1B4-487E-80B3-9C72E519BA76}.Debug|x86.ActiveCfg = Debug|Any CPU
		{CCF6CC34-A1B4-487E-80B3-9C72E519BA76}.Debug|x86.Build.0 = Debug|Any CPU
		{CCF6CC34-A1B4-487E-80B3-9C72E519BA76}.Release|Any CPU.ActiveCfg = Release|Any CPU
		{CCF6CC34-A1B4-487E-80B3-9C72E519BA76}.Release|Any CPU.Build.0 = Release|Any CPU
		{CCF6CC34-A1B4-487E-80B3-9C72E519BA76}.Release|x64.ActiveCfg = Release|Any CPU
		{CCF6CC34-A1B4-487E-80B3-9C72E519BA76}.Release|x64.Build.0 = Release|Any CPU
		{CCF6CC34-A1B4-487E-80B3-9C72E519BA76}.Release|x86.ActiveCfg = Release|Any CPU
		{CCF6CC34-A1B4-487E-80B3-9C72E519BA76}.Release|x86.Build.0 = Release|Any CPU
		{0BFBF880-F1FD-46DE-8AC1-AF5E1E8E4A62}.Debug|Any CPU.ActiveCfg = Debug|Any CPU
		{0BFBF880-F1FD-46DE-8AC1-AF5E1E8E4A62}.Debug|Any CPU.Build.0 = Debug|Any CPU
		{0BFBF880-F1FD-46DE-8AC1-AF5E1E8E4A62}.Debug|x64.ActiveCfg = Debug|Any CPU
		{0BFBF880-F1FD-46DE-8AC1-AF5E1E8E4A62}.Debug|x64.Build.0 = Debug|Any CPU
		{0BFBF880-F1FD-46DE-8AC1-AF5E1E8E4A62}.Debug|x86.ActiveCfg = Debug|Any CPU
		{0BFBF880-F1FD-46DE-8AC1-AF5E1E8E4A62}.Debug|x86.Build.0 = Debug|Any CPU
		{0BFBF880-F1FD-46DE-8AC1-AF5E1E8E4A62}.Release|Any CPU.ActiveCfg = Release|Any CPU
		{0BFBF880-F1FD-46DE-8AC1-AF5E1E8E4A62}.Release|Any CPU.Build.0 = Release|Any CPU
		{0BFBF880-F1FD-46DE-8AC1-AF5E1E8E4A62}.Release|x64.ActiveCfg = Release|Any CPU
		{0BFBF880-F1FD-46DE-8AC1-AF5E1E8E4A62}.Release|x64.Build.0 = Release|Any CPU
		{0BFBF880-F1FD-46DE-8AC1-AF5E1E8E4A62}.Release|x86.ActiveCfg = Release|Any CPU
		{0BFBF880-F1FD-46DE-8AC1-AF5E1E8E4A62}.Release|x86.Build.0 = Release|Any CPU
		{8C3DEEA9-CCC5-42F1-947F-B8DE2684C8DE}.Debug|Any CPU.ActiveCfg = Debug|Any CPU
		{8C3DEEA9-CCC5-42F1-947F-B8DE2684C8DE}.Debug|Any CPU.Build.0 = Debug|Any CPU
		{8C3DEEA9-CCC5-42F1-947F-B8DE2684C8DE}.Debug|x64.ActiveCfg = Debug|Any CPU
		{8C3DEEA9-CCC5-42F1-947F-B8DE2684C8DE}.Debug|x64.Build.0 = Debug|Any CPU
		{8C3DEEA9-CCC5-42F1-947F-B8DE2684C8DE}.Debug|x86.ActiveCfg = Debug|Any CPU
		{8C3DEEA9-CCC5-42F1-947F-B8DE2684C8DE}.Debug|x86.Build.0 = Debug|Any CPU
		{8C3DEEA9-CCC5-42F1-947F-B8DE2684C8DE}.Release|Any CPU.ActiveCfg = Release|Any CPU
		{8C3DEEA9-CCC5-42F1-947F-B8DE2684C8DE}.Release|Any CPU.Build.0 = Release|Any CPU
		{8C3DEEA9-CCC5-42F1-947F-B8DE2684C8DE}.Release|x64.ActiveCfg = Release|Any CPU
		{8C3DEEA9-CCC5-42F1-947F-B8DE2684C8DE}.Release|x64.Build.0 = Release|Any CPU
		{8C3DEEA9-CCC5-42F1-947F-B8DE2684C8DE}.Release|x86.ActiveCfg = Release|Any CPU
		{8C3DEEA9-CCC5-42F1-947F-B8DE2684C8DE}.Release|x86.Build.0 = Release|Any CPU
	EndGlobalSection
	GlobalSection(SolutionProperties) = preSolution
		HideSolutionNode = FALSE
	EndGlobalSection
	GlobalSection(NestedProjects) = preSolution
		{9FA18D44-D5A4-4F5B-AF32-14FDEEEB89D4} = {D1C0DA0A-76FC-405A-9DE8-79DFE6CB2B30}
		{CCF6CC34-A1B4-487E-80B3-9C72E519BA76} = {BB297B60-D5E9-4578-8DC3-71A916B62058}
		{0BFBF880-F1FD-46DE-8AC1-AF5E1E8E4A62} = {BB0337D0-0213-4058-8CCC-DBCCD47CAA64}
		{8C3DEEA9-CCC5-42F1-947F-B8DE2684C8DE} = {BB0337D0-0213-4058-8CCC-DBCCD47CAA64}
	EndGlobalSection
	GlobalSection(ExtensibilityGlobals) = postSolution
		SolutionGuid = {0B31F33C-DFA9-4479-A76F-DBD8F12DD4B6}
	EndGlobalSection
EndGlobal
