
Microsoft Visual Studio Solution File, Format Version 12.00
# Visual Studio 15
VisualStudioVersion = 15.0.26124.0
MinimumVisualStudioVersion = 15.0.26124.0
Project("{9A19103F-16F7-4668-BE54-9A1E7A4F7556}") = "SingleResponsibility", "SingleResponsibility\SingleResponsibility.csproj", "{9FA18D44-D5A4-4F5B-AF32-14FDEEEB89D4}"
EndProject
Project("{FAE04EC0-301F-11D3-BF4B-00C04F79EFBC}") = "OpenClosed", "OpenClosed\OpenClosed.csproj", "{CCF6CC34-A1B4-487E-80B3-9C72E519BA76}"
EndProject
Global
	GlobalSection(SolutionConfigurationPlatforms) = preSolution
		Debug|Any CPU = Debug|Any CPU
		Debug|x64 = Debug|x64
		Debug|x86 = Debug|x86
		Release|Any CPU = Release|Any CPU
		Release|x64 = Release|x64
		Release|x86 = Release|x86
	EndGlobalSection
	GlobalSection(ProjectConfigurationPlatforms) = postSolution
		{9FA18D44-D5A4-4F5B-AF32-14FDEEEB89D4}.Debug|Any CPU.ActiveCfg = Debug|Any CPU
		{9FA18D44-D5A4-4F5B-AF32-14FDEEEB89D4}.Debug|Any CPU.Build.0 = Debug|Any CPU
		{9FA18D44-D5A4-4F5B-AF32-14FDEEEB89D4}.Debug|x64.ActiveCfg = Debug|Any CPU
		{9FA18D44-D5A4-4F5B-AF32-14FDEEEB89D4}.Debug|x64.Build.0 = Debug|Any CPU
		{9FA18D44-D5A4-4F5B-AF32-14FDEEEB89D4}.Debug|x86.ActiveCfg = Debug|Any CPU
		{9FA18D44-D5A4-4F5B-AF32-14FDEEEB89D4}.Debug|x86.Build.0 = Debug|Any CPU
		{9FA18D44-D5A4-4F5B-AF32-14FDEEEB89D4}.Release|Any CPU.ActiveCfg = Release|Any CPU
		{9FA18D44-D5A4-4F5B-AF32-14FDEEEB89D4}.Release|Any CPU.Build.0 = Release|Any CPU
		{9FA18D44-D5A4-4F5B-AF32-14FDEEEB89D4}.Release|x64.ActiveCfg = Release|Any CPU
		{9FA18D44-D5A4-4F5B-AF32-14FDEEEB89D4}.Release|x64.Build.0 = Release|Any CPU
		{9FA18D44-D5A4-4F5B-AF32-14FDEEEB89D4}.Release|x86.ActiveCfg = Release|Any CPU
		{9FA18D44-D5A4-4F5B-AF32-14FDEEEB89D4}.Release|x86.Build.0 = Release|Any CPU
		{CCF6CC34-A1B4-487E-80B3-9C72E519BA76}.Debug|Any CPU.ActiveCfg = Debug|Any CPU
		{CCF6CC34-A1B4-487E-80B3-9C72E519BA76}.Debug|Any CPU.Build.0 = Debug|Any CPU
		{CCF6CC34-A1B4-487E-80B3-9C72E519BA76}.Debug|x64.ActiveCfg = Debug|Any CPU
		{CCF6CC34-A1B4-487E-80B3-9C72E519BA76}.Debug|x64.Build.0 = Debug|Any CPU
		{CCF6CC34-A1B4-487E-80B3-9C72E519BA76}.Debug|x86.ActiveCfg = Debug|Any CPU
		{CCF6CC34-A1B4-487E-80B3-9C72E519BA76}.Debug|x86.Build.0 = Debug|Any CPU
		{CCF6CC34-A1B4-487E-80B3-9C72E519BA76}.Release|Any CPU.ActiveCfg = Release|Any CPU
		{CCF6CC34-A1B4-487E-80B3-9C72E519BA76}.Release|Any CPU.Build.0 = Release|Any CPU
		{CCF6CC34-A1B4-487E-80B3-9C72E519BA76}.Release|x64.ActiveCfg = Release|Any CPU
		{CCF6CC34-A1B4-487E-80B3-9C72E519BA76}.Release|x64.Build.0 = Release|Any CPU
		{CCF6CC34-A1B4-487E-80B3-9C72E519BA76}.Release|x86.ActiveCfg = Release|Any CPU
		{CCF6CC34-A1B4-487E-80B3-9C72E519BA76}.Release|x86.Build.0 = Release|Any CPU
	EndGlobalSection
	GlobalSection(SolutionProperties) = preSolution
		HideSolutionNode = FALSE
	EndGlobalSection
	GlobalSection(ExtensibilityGlobals) = postSolution
		SolutionGuid = {0B31F33C-DFA9-4479-A76F-DBD8F12DD4B6}
	EndGlobalSection
EndGlobal
